
Microsoft Visual Studio Solution File, Format Version 12.00
# Visual Studio Version 17
VisualStudioVersion = 17.4.33213.308
MinimumVisualStudioVersion = 10.0.40219.1
Project("{9A19103F-16F7-4668-BE54-9A1E7A4F7556}") = "API_Produto_TestesUnitarios", "API_Produto_TestesUnitarios\API_Produto_TestesUnitarios.csproj", "{A1B5C9C0-FC8D-4410-A0E7-15493E6110A9}"
EndProject
Project("{9A19103F-16F7-4668-BE54-9A1E7A4F7556}") = "API_Produto.", "API_Produto\API_Produto..csproj", "{70249687-87F4-4EBC-A8F1-BB9A89871367}"
EndProject
Global
	GlobalSection(SolutionConfigurationPlatforms) = preSolution
		Debug|Any CPU = Debug|Any CPU
		Release|Any CPU = Release|Any CPU
	EndGlobalSection
	GlobalSection(ProjectConfigurationPlatforms) = postSolution
		{A1B5C9C0-FC8D-4410-A0E7-15493E6110A9}.Debug|Any CPU.ActiveCfg = Debug|Any CPU
		{A1B5C9C0-FC8D-4410-A0E7-15493E6110A9}.Debug|Any CPU.Build.0 = Debug|Any CPU
		{A1B5C9C0-FC8D-4410-A0E7-15493E6110A9}.Release|Any CPU.ActiveCfg = Release|Any CPU
		{A1B5C9C0-FC8D-4410-A0E7-15493E6110A9}.Release|Any CPU.Build.0 = Release|Any CPU
		{70249687-87F4-4EBC-A8F1-BB9A89871367}.Debug|Any CPU.ActiveCfg = Debug|Any CPU
		{70249687-87F4-4EBC-A8F1-BB9A89871367}.Debug|Any CPU.Build.0 = Debug|Any CPU
		{70249687-87F4-4EBC-A8F1-BB9A89871367}.Release|Any CPU.ActiveCfg = Release|Any CPU
		{70249687-87F4-4EBC-A8F1-BB9A89871367}.Release|Any CPU.Build.0 = Release|Any CPU
	EndGlobalSection
	GlobalSection(SolutionProperties) = preSolution
		HideSolutionNode = FALSE
	EndGlobalSection
	GlobalSection(ExtensibilityGlobals) = postSolution
		SolutionGuid = {DB2E8777-B793-4FD5-87FC-C8BA2FA8CC62}
	EndGlobalSection
EndGlobal
